
Microsoft Visual Studio Solution File, Format Version 12.00
# Visual Studio Version 17
VisualStudioVersion = 17.7.34031.279
MinimumVisualStudioVersion = 10.0.40219.1
Project("{FAE04EC0-301F-11D3-BF4B-00C04F79EFBC}") = "Test", "Test\Test.csproj", "{3FD95C6F-C3B6-4DDF-823E-5D5621F5004A}"
EndProject
Global
	GlobalSection(SolutionConfigurationPlatforms) = preSolution
		Debug|Any CPU = Debug|Any CPU
		Release|Any CPU = Release|Any CPU
	EndGlobalSection
	GlobalSection(ProjectConfigurationPlatforms) = postSolution
		{3FD95C6F-C3B6-4DDF-823E-5D5621F5004A}.Debug|Any CPU.ActiveCfg = Debug|Any CPU
		{3FD95C6F-C3B6-4DDF-823E-5D5621F5004A}.Debug|Any CPU.Build.0 = Debug|Any CPU
		{3FD95C6F-C3B6-4DDF-823E-5D5621F5004A}.Release|Any CPU.ActiveCfg = Release|Any CPU
		{3FD95C6F-C3B6-4DDF-823E-5D5621F5004A}.Release|Any CPU.Build.0 = Release|Any CPU
	EndGlobalSection
	GlobalSection(SolutionProperties) = preSolution
		HideSolutionNode = FALSE
	EndGlobalSection
	GlobalSection(ExtensibilityGlobals) = postSolution
		SolutionGuid = {526647C7-AF7A-4032-9144-EC9F22EC8464}
	EndGlobalSection
EndGlobal
